
Microsoft Visual Studio Solution File, Format Version 12.00
# Visual Studio Version 16
VisualStudioVersion = 16.0.29613.14
MinimumVisualStudioVersion = 10.0.40219.1
Project("{FAE04EC0-301F-11D3-BF4B-00C04F79EFBC}") = "WalpapererConsole", "WalpapererConsole\WalpapererConsole.csproj", "{4938E099-7EF7-42E2-B347-77D7907F2546}"
EndProject
Global
	GlobalSection(SolutionConfigurationPlatforms) = preSolution
		Debug|Any CPU = Debug|Any CPU
		Release|Any CPU = Release|Any CPU
	EndGlobalSection
	GlobalSection(ProjectConfigurationPlatforms) = postSolution
		{4938E099-7EF7-42E2-B347-77D7907F2546}.Debug|Any CPU.ActiveCfg = Debug|Any CPU
		{4938E099-7EF7-42E2-B347-77D7907F2546}.Debug|Any CPU.Build.0 = Debug|Any CPU
		{4938E099-7EF7-42E2-B347-77D7907F2546}.Release|Any CPU.ActiveCfg = Release|Any CPU
		{4938E099-7EF7-42E2-B347-77D7907F2546}.Release|Any CPU.Build.0 = Release|Any CPU
	EndGlobalSection
	GlobalSection(SolutionProperties) = preSolution
		HideSolutionNode = FALSE
	EndGlobalSection
	GlobalSection(ExtensibilityGlobals) = postSolution
		SolutionGuid = {82BC5725-DD6E-43E1-8E88-FF19068F7CF8}
	EndGlobalSection
EndGlobal
